
Microsoft Visual Studio Solution File, Format Version 12.00
# Visual Studio Version 17
VisualStudioVersion = 17.0.33829.163
MinimumVisualStudioVersion = 10.0.40219.1
Project("{FAE04EC0-301F-11D3-BF4B-00C04F79EFBC}") = "FirstDemoApp", "FirstDemoApp.csproj", "{A6F84488-434E-4735-A22F-A274E4EFE7BD}"
	ProjectSection(ProjectDependencies) = postProject
		{AD081E53-7B30-4403-86E1-EB5B1E8E1DD9} = {AD081E53-7B30-4403-86E1-EB5B1E8E1DD9}
	EndProjectSection
EndProject
Project("{FAE04EC0-301F-11D3-BF4B-00C04F79EFBC}") = "LogicLibrary", "..\LogicLibrary\LogicLibrary.csproj", "{AD081E53-7B30-4403-86E1-EB5B1E8E1DD9}"
EndProject
Global
	GlobalSection(SolutionConfigurationPlatforms) = preSolution
		Debug|Any CPU = Debug|Any CPU
		Release|Any CPU = Release|Any CPU
	EndGlobalSection
	GlobalSection(ProjectConfigurationPlatforms) = postSolution
		{A6F84488-434E-4735-A22F-A274E4EFE7BD}.Debug|Any CPU.ActiveCfg = Debug|Any CPU
		{A6F84488-434E-4735-A22F-A274E4EFE7BD}.Debug|Any CPU.Build.0 = Debug|Any CPU
		{A6F84488-434E-4735-A22F-A274E4EFE7BD}.Release|Any CPU.ActiveCfg = Release|Any CPU
		{A6F84488-434E-4735-A22F-A274E4EFE7BD}.Release|Any CPU.Build.0 = Release|Any CPU
		{AD081E53-7B30-4403-86E1-EB5B1E8E1DD9}.Debug|Any CPU.ActiveCfg = Debug|Any CPU
		{AD081E53-7B30-4403-86E1-EB5B1E8E1DD9}.Debug|Any CPU.Build.0 = Debug|Any CPU
		{AD081E53-7B30-4403-86E1-EB5B1E8E1DD9}.Release|Any CPU.ActiveCfg = Release|Any CPU
		{AD081E53-7B30-4403-86E1-EB5B1E8E1DD9}.Release|Any CPU.Build.0 = Release|Any CPU
	EndGlobalSection
	GlobalSection(SolutionProperties) = preSolution
		HideSolutionNode = FALSE
	EndGlobalSection
	GlobalSection(ExtensibilityGlobals) = postSolution
		SolutionGuid = {E5426A78-82D0-44A7-ABCC-79AE28161B75}
	EndGlobalSection
EndGlobal
